{
  "name": "kakkoukari-chat-app",
  "lockfileVersion": 2,
  "requires": true,
  "packages": {
    "": {
      "dependencies": {
        "zego-zim-web": "^2.3.0"
      }
    },
    "node_modules/zego-zim-web": {
      "version": "2.3.0",
      "resolved": "https://registry.npmjs.org/zego-zim-web/-/zego-zim-web-2.3.0.tgz",
      "integrity": "sha512-bK5AWUNMXHorYu9IZO/5mpHhTxuUBQ8oC64mGGP36lpN7anzmQi4xIlEgcTUMKOOPQNNe91/ARrbsn7vu8dLxg=="
    }
  },
  "dependencies": {
    "zego-zim-web": {
      "version": "2.3.0",
      "resolved": "https://registry.npmjs.org/zego-zim-web/-/zego-zim-web-2.3.0.tgz",
      "integrity": "sha512-bK5AWUNMXHorYu9IZO/5mpHhTxuUBQ8oC64mGGP36lpN7anzmQi4xIlEgcTUMKOOPQNNe91/ARrbsn7vu8dLxg=="
    }
  }
}
